# This file is generated by running "yarn install" inside your project.
# Manual changes might be lost - proceed with caution!

__metadata:
  version: 8
  cacheKey: 10c0

"@esbuild/aix-ppc64@npm:0.20.2":
  version: 0.20.2
  resolution: "@esbuild/aix-ppc64@npm:0.20.2"
  conditions: os=aix & cpu=ppc64
  languageName: node
  linkType: hard

"@esbuild/android-arm64@npm:0.20.2":
  version: 0.20.2
  resolution: "@esbuild/android-arm64@npm:0.20.2"
  conditions: os=android & cpu=arm64
  languageName: node
  linkType: hard

"@esbuild/android-arm@npm:0.20.2":
  version: 0.20.2
  resolution: "@esbuild/android-arm@npm:0.20.2"
  conditions: os=android & cpu=arm
  languageName: node
  linkType: hard

"@esbuild/android-x64@npm:0.20.2":
  version: 0.20.2
  resolution: "@esbuild/android-x64@npm:0.20.2"
  conditions: os=android & cpu=x64
  languageName: node
  linkType: hard

"@esbuild/darwin-arm64@npm:0.20.2":
  version: 0.20.2
  resolution: "@esbuild/darwin-arm64@npm:0.20.2"
  conditions: os=darwin & cpu=arm64
  languageName: node
  linkType: hard

"@esbuild/darwin-x64@npm:0.20.2":
  version: 0.20.2
  resolution: "@esbuild/darwin-x64@npm:0.20.2"
  conditions: os=darwin & cpu=x64
  languageName: node
  linkType: hard

"@esbuild/freebsd-arm64@npm:0.20.2":
  version: 0.20.2
  resolution: "@esbuild/freebsd-arm64@npm:0.20.2"
  conditions: os=freebsd & cpu=arm64
  languageName: node
  linkType: hard

"@esbuild/freebsd-x64@npm:0.20.2":
  version: 0.20.2
  resolution: "@esbuild/freebsd-x64@npm:0.20.2"
  conditions: os=freebsd & cpu=x64
  languageName: node
  linkType: hard

"@esbuild/linux-arm64@npm:0.20.2":
  version: 0.20.2
  resolution: "@esbuild/linux-arm64@npm:0.20.2"
  conditions: os=linux & cpu=arm64
  languageName: node
  linkType: hard

"@esbuild/linux-arm@npm:0.20.2":
  version: 0.20.2
  resolution: "@esbuild/linux-arm@npm:0.20.2"
  conditions: os=linux & cpu=arm
  languageName: node
  linkType: hard

"@esbuild/linux-ia32@npm:0.20.2":
  version: 0.20.2
  resolution: "@esbuild/linux-ia32@npm:0.20.2"
  conditions: os=linux & cpu=ia32
  languageName: node
  linkType: hard

"@esbuild/linux-loong64@npm:0.20.2":
  version: 0.20.2
  resolution: "@esbuild/linux-loong64@npm:0.20.2"
  conditions: os=linux & cpu=loong64
  languageName: node
  linkType: hard

"@esbuild/linux-mips64el@npm:0.20.2":
  version: 0.20.2
  resolution: "@esbuild/linux-mips64el@npm:0.20.2"
  conditions: os=linux & cpu=mips64el
  languageName: node
  linkType: hard

"@esbuild/linux-ppc64@npm:0.20.2":
  version: 0.20.2
  resolution: "@esbuild/linux-ppc64@npm:0.20.2"
  conditions: os=linux & cpu=ppc64
  languageName: node
  linkType: hard

"@esbuild/linux-riscv64@npm:0.20.2":
  version: 0.20.2
  resolution: "@esbuild/linux-riscv64@npm:0.20.2"
  conditions: os=linux & cpu=riscv64
  languageName: node
  linkType: hard

"@esbuild/linux-s390x@npm:0.20.2":
  version: 0.20.2
  resolution: "@esbuild/linux-s390x@npm:0.20.2"
  conditions: os=linux & cpu=s390x
  languageName: node
  linkType: hard

"@esbuild/linux-x64@npm:0.20.2":
  version: 0.20.2
  resolution: "@esbuild/linux-x64@npm:0.20.2"
  conditions: os=linux & cpu=x64
  languageName: node
  linkType: hard

"@esbuild/netbsd-x64@npm:0.20.2":
  version: 0.20.2
  resolution: "@esbuild/netbsd-x64@npm:0.20.2"
  conditions: os=netbsd & cpu=x64
  languageName: node
  linkType: hard

"@esbuild/openbsd-x64@npm:0.20.2":
  version: 0.20.2
  resolution: "@esbuild/openbsd-x64@npm:0.20.2"
  conditions: os=openbsd & cpu=x64
  languageName: node
  linkType: hard

"@esbuild/sunos-x64@npm:0.20.2":
  version: 0.20.2
  resolution: "@esbuild/sunos-x64@npm:0.20.2"
  conditions: os=sunos & cpu=x64
  languageName: node
  linkType: hard

"@esbuild/win32-arm64@npm:0.20.2":
  version: 0.20.2
  resolution: "@esbuild/win32-arm64@npm:0.20.2"
  conditions: os=win32 & cpu=arm64
  languageName: node
  linkType: hard

"@esbuild/win32-ia32@npm:0.20.2":
  version: 0.20.2
  resolution: "@esbuild/win32-ia32@npm:0.20.2"
  conditions: os=win32 & cpu=ia32
  languageName: node
  linkType: hard

"@esbuild/win32-x64@npm:0.20.2":
  version: 0.20.2
  resolution: "@esbuild/win32-x64@npm:0.20.2"
  conditions: os=win32 & cpu=x64
  languageName: node
  linkType: hard

"collapse-white-space@npm:^2.0.0":
  version: 2.1.0
  resolution: "collapse-white-space@npm:2.1.0"
  checksum: 10c0/b2e2800f4ab261e62eb27a1fbe853378296e3a726d6695117ed033e82d61fb6abeae4ffc1465d5454499e237005de9cfc52c9562dc7ca4ac759b9a222ef14453
  languageName: node
  linkType: hard

"esbuild@npm:^0.20.1":
  version: 0.20.2
  resolution: "esbuild@npm:0.20.2"
  dependencies:
    "@esbuild/aix-ppc64": "npm:0.20.2"
    "@esbuild/android-arm": "npm:0.20.2"
    "@esbuild/android-arm64": "npm:0.20.2"
    "@esbuild/android-x64": "npm:0.20.2"
    "@esbuild/darwin-arm64": "npm:0.20.2"
    "@esbuild/darwin-x64": "npm:0.20.2"
    "@esbuild/freebsd-arm64": "npm:0.20.2"
    "@esbuild/freebsd-x64": "npm:0.20.2"
    "@esbuild/linux-arm": "npm:0.20.2"
    "@esbuild/linux-arm64": "npm:0.20.2"
    "@esbuild/linux-ia32": "npm:0.20.2"
    "@esbuild/linux-loong64": "npm:0.20.2"
    "@esbuild/linux-mips64el": "npm:0.20.2"
    "@esbuild/linux-ppc64": "npm:0.20.2"
    "@esbuild/linux-riscv64": "npm:0.20.2"
    "@esbuild/linux-s390x": "npm:0.20.2"
    "@esbuild/linux-x64": "npm:0.20.2"
    "@esbuild/netbsd-x64": "npm:0.20.2"
    "@esbuild/openbsd-x64": "npm:0.20.2"
    "@esbuild/sunos-x64": "npm:0.20.2"
    "@esbuild/win32-arm64": "npm:0.20.2"
    "@esbuild/win32-ia32": "npm:0.20.2"
    "@esbuild/win32-x64": "npm:0.20.2"
  dependenciesMeta:
    "@esbuild/aix-ppc64":
      optional: true
    "@esbuild/android-arm":
      optional: true
    "@esbuild/android-arm64":
      optional: true
    "@esbuild/android-x64":
      optional: true
    "@esbuild/darwin-arm64":
      optional: true
    "@esbuild/darwin-x64":
      optional: true
    "@esbuild/freebsd-arm64":
      optional: true
    "@esbuild/freebsd-x64":
      optional: true
    "@esbuild/linux-arm":
      optional: true
    "@esbuild/linux-arm64":
      optional: true
    "@esbuild/linux-ia32":
      optional: true
    "@esbuild/linux-loong64":
      optional: true
    "@esbuild/linux-mips64el":
      optional: true
    "@esbuild/linux-ppc64":
      optional: true
    "@esbuild/linux-riscv64":
      optional: true
    "@esbuild/linux-s390x":
      optional: true
    "@esbuild/linux-x64":
      optional: true
    "@esbuild/netbsd-x64":
      optional: true
    "@esbuild/openbsd-x64":
      optional: true
    "@esbuild/sunos-x64":
      optional: true
    "@esbuild/win32-arm64":
      optional: true
    "@esbuild/win32-ia32":
      optional: true
    "@esbuild/win32-x64":
      optional: true
  bin:
    esbuild: bin/esbuild
  checksum: 10c0/66398f9fb2c65e456a3e649747b39af8a001e47963b25e86d9c09d2a48d61aa641b27da0ce5cad63df95ad246105e1d83e7fee0e1e22a0663def73b1c5101112
  languageName: node
  linkType: hard

"franc@npm:^6.2.0":
  version: 6.2.0
  resolution: "franc@npm:6.2.0"
  dependencies:
    trigram-utils: "npm:^2.0.0"
  checksum: 10c0/136a08d6e4632f17eae6f0ae93b224b0bf2233dc1d5dbd0b23e479960f6c71c0847bef834d3b6b7c9cefb4f905d5e08fc82b0738bb3ed4a6c83faffcf9fa2a11
  languageName: node
  linkType: hard

"fs-extra@npm:^11.2.0":
  version: 11.3.0
  resolution: "fs-extra@npm:11.3.0"
  dependencies:
    graceful-fs: "npm:^4.2.0"
    jsonfile: "npm:^6.0.1"
    universalify: "npm:^2.0.0"
  checksum: 10c0/5f95e996186ff45463059feb115a22fb048bdaf7e487ecee8a8646c78ed8fdca63630e3077d4c16ce677051f5e60d3355a06f3cd61f3ca43f48cc58822a44d0a
  languageName: node
  linkType: hard

"graceful-fs@npm:^4.1.6, graceful-fs@npm:^4.2.0":
  version: 4.2.11
  resolution: "graceful-fs@npm:4.2.11"
  checksum: 10c0/386d011a553e02bc594ac2ca0bd6d9e4c22d7fa8cfbfc448a6d148c59ea881b092db9dbe3547ae4b88e55f1b01f7c4a2ecc53b310c042793e63aa44cf6c257f2
  languageName: node
  linkType: hard

"jsonfile@npm:^6.0.1":
  version: 6.1.0
  resolution: "jsonfile@npm:6.1.0"
  dependencies:
    graceful-fs: "npm:^4.1.6"
    universalify: "npm:^2.0.0"
  dependenciesMeta:
    graceful-fs:
      optional: true
  checksum: 10c0/4f95b5e8a5622b1e9e8f33c96b7ef3158122f595998114d1e7f03985649ea99cb3cd99ce1ed1831ae94c8c8543ab45ebd044207612f31a56fd08462140e46865
  languageName: node
  linkType: hard

"linkedout@workspace:.":
  version: 0.0.0-use.local
  resolution: "linkedout@workspace:."
  dependencies:
    esbuild: "npm:^0.20.1"
    franc: "npm:^6.2.0"
    fs-extra: "npm:^11.2.0"
  languageName: unknown
  linkType: soft

"n-gram@npm:^2.0.0":
  version: 2.0.2
  resolution: "n-gram@npm:2.0.2"
  checksum: 10c0/72e2cdc8c37c9253b556a0deb9cd26d5ac59a5d7a38b2d2928927e3959bc7d3cb591d766e30309a4c685dbc51330025cb30c5c6518ee516caf3318aed2635f1b
  languageName: node
  linkType: hard

"trigram-utils@npm:^2.0.0":
  version: 2.0.1
  resolution: "trigram-utils@npm:2.0.1"
  dependencies:
    collapse-white-space: "npm:^2.0.0"
    n-gram: "npm:^2.0.0"
  checksum: 10c0/d024dc91a9c0310e75fa68422185e3a32814831971b9e86a2925e74bd1932a30501aa2ac214768f0a545f3db63610ee14b4748ac31532e1bc46c791941d71c6d
  languageName: node
  linkType: hard

"universalify@npm:^2.0.0":
  version: 2.0.1
  resolution: "universalify@npm:2.0.1"
  checksum: 10c0/73e8ee3809041ca8b818efb141801a1004e3fc0002727f1531f4de613ea281b494a40909596dae4a042a4fb6cd385af5d4db2e137b1362e0e91384b828effd3a
  languageName: node
  linkType: hard
